PODS:
  - Kingfisher (4.10.1)
  - SnapKit (4.2.0)

DEPENDENCIES:
  - Kingfisher
  - SnapKit (>= 4.0.0)

SPEC REPOS:
  https://github.com/cocoapods/specs.git:
    - Kingfisher
    - SnapKit

SPEC CHECKSUMS:
  Kingfisher: c148cd7b47ebde9989f6bc7c27dcaa79d81279a0
  SnapKit: fe8a619752f3f27075cc9a90244d75c6c3f27e2a

PODFILE CHECKSUM: b7a0ef8534b0035e33bb994e3761837602f9e0c5

COCOAPODS: 1.7.5
