// !$*UTF8*$!
{
	archiveVersion = 1;
	classes = {
	};
	objectVersion = 51;
	objects = {

/* Begin PBXBuildFile section */
		6B4FA6D12306941900098DEE /* AppDelegate.swift in Sources */ = {isa = PBXBuildFile; fileRef = 6B4FA6D02306941900098DEE /* AppDelegate.swift */; };
		6B4FA6D32306941900098DEE /* ViewController.swift in Sources */ = {isa = PBXBuildFile; fileRef = 6B4FA6D22306941900098DEE /* ViewController.swift */; };
		6B4FA6D62306941A00098DEE /* Main.storyboard in Resources */ = {isa = PBXBuildFile; fileRef = 6B4FA6D42306941A00098DEE /* Main.storyboard */; };
		6B4FA6D8230694CB00098DEE /* Assets.xcassets in Resources */ = {isa = PBXBuildFile; fileRef = 6B4FA6D7230694CB00098DEE /* Assets.xcassets */; };
		6B4FA6DB230694CB00098DEE /* LaunchScreen.storyboard in Resources */ = {isa = PBXBuildFile; fileRef = 6B4FA6D9230694CB00098DEE /* LaunchScreen.storyboard */; };
		6B4FA6E6230694CE00098DEE /* ZQVideoPlayerTests.swift in Sources */ = {isa = PBXBuildFile; fileRef = 6B4FA6E5230694CE00098DEE /* ZQVideoPlayerTests.swift */; };
		6B4FA6F1230694CE00098DEE /* ZQVideoPlayerUITests.swift in Sources */ = {isa = PBXBuildFile; fileRef = 6B4FA6F0230694CE00098DEE /* ZQVideoPlayerUITests.swift */; };
		6B4FA70A2306963800098DEE /* DHPlayerView+Obsever.swift in Sources */ = {isa = PBXBuildFile; fileRef = 6B4FA6FF2306963500098DEE /* DHPlayerView+Obsever.swift */; };
		6B4FA70C2306963800098DEE /* DHPlayerView+Screen.swift in Sources */ = {isa = PBXBuildFile; fileRef = 6B4FA7012306963600098DEE /* DHPlayerView+Screen.swift */; };
		6B4FA70D2306963800098DEE /* DHPlayerViewDelegate.swift in Sources */ = {isa = PBXBuildFile; fileRef = 6B4FA7022306963600098DEE /* DHPlayerViewDelegate.swift */; };
		6B4FA70E2306963800098DEE /* DHPlayerWrapView.swift in Sources */ = {isa = PBXBuildFile; fileRef = 6B4FA7032306963600098DEE /* DHPlayerWrapView.swift */; };
		6B4FA70F2306963800098DEE /* DHPlayerHUD.swift in Sources */ = {isa = PBXBuildFile; fileRef = 6B4FA7042306963600098DEE /* DHPlayerHUD.swift */; };
		6B4FA7102306963800098DEE /* DHAmplifyButton.swift in Sources */ = {isa = PBXBuildFile; fileRef = 6B4FA7052306963700098DEE /* DHAmplifyButton.swift */; };
		6B4FA7112306963800098DEE /* DHMediaTool.swift in Sources */ = {isa = PBXBuildFile; fileRef = 6B4FA7062306963700098DEE /* DHMediaTool.swift */; };
		6B4FA7122306963800098DEE /* DHPlayerView+GestureRecognizer.swift in Sources */ = {isa = PBXBuildFile; fileRef = 6B4FA7072306963700098DEE /* DHPlayerView+GestureRecognizer.swift */; };
		6B4FA7132306963800098DEE /* DHPlayerView.swift in Sources */ = {isa = PBXBuildFile; fileRef = 6B4FA7082306963700098DEE /* DHPlayerView.swift */; };
		6B4FA7142306963800098DEE /* DHPlayerConsolerView.swift in Sources */ = {isa = PBXBuildFile; fileRef = 6B4FA7092306963700098DEE /* DHPlayerConsolerView.swift */; };
		6B4FA7312306975600098DEE /* DHConst.swift in Sources */ = {isa = PBXBuildFile; fileRef = 6B4FA7302306975600098DEE /* DHConst.swift */; };
		6B86512A230A449400BA3B4C /* DHVideoViewController.swift in Sources */ = {isa = PBXBuildFile; fileRef = 6B865129230A449400BA3B4C /* DHVideoViewController.swift */; };
		6B86517C230AB28C00BA3B4C /* DHPlayerRateView.swift in Sources */ = {isa = PBXBuildFile; fileRef = 6B86517B230AB28C00BA3B4C /* DHPlayerRateView.swift */; };
		D11A396239AAE5CE2212F5F6 /* Pods_ZQVideoPlayer.framework in Frameworks */ = {isa = PBXBuildFile; fileRef = 5026F111BB4B4A0D3AE5F4BC /* Pods_ZQVideoPlayer.framework */; };
/* End PBXBuildFile section */

/* Begin PBXContainerItemProxy section */
		6B4FA6E2230694CE00098DEE /* PBXContainerItemProxy */ = {
			isa = PBXContainerItemProxy;
			containerPortal = 6B4FA6C52306941700098DEE /* Project object */;
			proxyType = 1;
			remoteGlobalIDString = 6B4FA6CC2306941800098DEE;
			remoteInfo = ZQVideoPlayer;
		};
		6B4FA6ED230694CE00098DEE /* PBXContainerItemProxy */ = {
			isa = PBXContainerItemProxy;
			containerPortal = 6B4FA6C52306941700098DEE /* Project object */;
			proxyType = 1;
			remoteGlobalIDString = 6B4FA6CC2306941800098DEE;
			remoteInfo = ZQVideoPlayer;
		};
/* End PBXContainerItemProxy section */

/* Begin PBXFileReference section */
		24C897CB42295635A7E16BC2 /* Pods-ZQVideoPlayer.release.xcconfig */ = {isa = PBXFileReference; includeInIndex = 1; lastKnownFileType = text.xcconfig; name = "Pods-ZQVideoPlayer.release.xcconfig"; path = "Target Support Files/Pods-ZQVideoPlayer/Pods-ZQVideoPlayer.release.xcconfig"; sourceTree = "<group>"; };
		5026F111BB4B4A0D3AE5F4BC /* Pods_ZQVideoPlayer.framework */ = {isa = PBXFileReference; explicitFileType = wrapper.framework; includeInIndex = 0; path = Pods_ZQVideoPlayer.framework; sourceTree = BUILT_PRODUCTS_DIR; };
		556B8F56BAB2EA276344EF57 /* Pods-ZQVideoPlayer.debug.xcconfig */ = {isa = PBXFileReference; includeInIndex = 1; lastKnownFileType = text.xcconfig; name = "Pods-ZQVideoPlayer.debug.xcconfig"; path = "Target Support Files/Pods-ZQVideoPlayer/Pods-ZQVideoPlayer.debug.xcconfig"; sourceTree = "<group>"; };
		6B4FA6CD2306941800098DEE /* ZQVideoPlayer.app */ = {isa = PBXFileReference; explicitFileType = wrapper.application; includeInIndex = 0; path = ZQVideoPlayer.app; sourceTree = BUILT_PRODUCTS_DIR; };
		6B4FA6D02306941900098DEE /* AppDelegate.swift */ = {isa = PBXFileReference; lastKnownFileType = sourcecode.swift; path = AppDelegate.swift; sourceTree = "<group>"; };
		6B4FA6D22306941900098DEE /* ViewController.swift */ = {isa = PBXFileReference; lastKnownFileType = sourcecode.swift; path = ViewController.swift; sourceTree = "<group>"; };
		6B4FA6D52306941A00098DEE /* Base */ = {isa = PBXFileReference; lastKnownFileType = file.storyboard; name = Base; path = Base.lproj/Main.storyboard; sourceTree = "<group>"; };
		6B4FA6D7230694CB00098DEE /* Assets.xcassets */ = {isa = PBXFileReference; lastKnownFileType = folder.assetcatalog; path = Assets.xcassets; sourceTree = "<group>"; };
		6B4FA6DA230694CB00098DEE /* Base */ = {isa = PBXFileReference; lastKnownFileType = file.storyboard; name = Base; path = Base.lproj/LaunchScreen.storyboard; sourceTree = "<group>"; };
		6B4FA6DC230694CC00098DEE /* Info.plist */ = {isa = PBXFileReference; lastKnownFileType = text.plist.xml; path = Info.plist; sourceTree = "<group>"; };
		6B4FA6E1230694CE00098DEE /* ZQVideoPlayerTests.xctest */ = {isa = PBXFileReference; explicitFileType = wrapper.cfbundle; includeInIndex = 0; path = ZQVideoPlayerTests.xctest; sourceTree = BUILT_PRODUCTS_DIR; };
		6B4FA6E5230694CE00098DEE /* ZQVideoPlayerTests.swift */ = {isa = PBXFileReference; lastKnownFileType = sourcecode.swift; path = ZQVideoPlayerTests.swift; sourceTree = "<group>"; };
		6B4FA6E7230694CE00098DEE /* Info.plist */ = {isa = PBXFileReference; lastKnownFileType = text.plist.xml; path = Info.plist; sourceTree = "<group>"; };
		6B4FA6EC230694CE00098DEE /* ZQVideoPlayerUITests.xctest */ = {isa = PBXFileReference; explicitFileType = wrapper.cfbundle; includeInIndex = 0; path = ZQVideoPlayerUITests.xctest; sourceTree = BUILT_PRODUCTS_DIR; };
		6B4FA6F0230694CE00098DEE /* ZQVideoPlayerUITests.swift */ = {isa = PBXFileReference; lastKnownFileType = sourcecode.swift; path = ZQVideoPlayerUITests.swift; sourceTree = "<group>"; };
		6B4FA6F2230694CE00098DEE /* Info.plist */ = {isa = PBXFileReference; lastKnownFileType = text.plist.xml; path = Info.plist; sourceTree = "<group>"; };
		6B4FA6FF2306963500098DEE /* DHPlayerView+Obsever.swift */ = {isa = PBXFileReference; fileEncoding = 4; lastKnownFileType = sourcecode.swift; path = "DHPlayerView+Obsever.swift"; sourceTree = "<group>"; };
		6B4FA7012306963600098DEE /* DHPlayerView+Screen.swift */ = {isa = PBXFileReference; fileEncoding = 4; lastKnownFileType = sourcecode.swift; path = "DHPlayerView+Screen.swift"; sourceTree = "<group>"; };
		6B4FA7022306963600098DEE /* DHPlayerViewDelegate.swift */ = {isa = PBXFileReference; fileEncoding = 4; lastKnownFileType = sourcecode.swift; path = DHPlayerViewDelegate.swift; sourceTree = "<group>"; };
		6B4FA7032306963600098DEE /* DHPlayerWrapView.swift */ = {isa = PBXFileReference; fileEncoding = 4; lastKnownFileType = sourcecode.swift; path = DHPlayerWrapView.swift; sourceTree = "<group>"; };
		6B4FA7042306963600098DEE /* DHPlayerHUD.swift */ = {isa = PBXFileReference; fileEncoding = 4; lastKnownFileType = sourcecode.swift; path = DHPlayerHUD.swift; sourceTree = "<group>"; };
		6B4FA7052306963700098DEE /* DHAmplifyButton.swift */ = {isa = PBXFileReference; fileEncoding = 4; lastKnownFileType = sourcecode.swift; path = DHAmplifyButton.swift; sourceTree = "<group>"; };
		6B4FA7062306963700098DEE /* DHMediaTool.swift */ = {isa = PBXFileReference; fileEncoding = 4; lastKnownFileType = sourcecode.swift; path = DHMediaTool.swift; sourceTree = "<group>"; };
		6B4FA7072306963700098DEE /* DHPlayerView+GestureRecognizer.swift */ = {isa = PBXFileReference; fileEncoding = 4; lastKnownFileType = sourcecode.swift; path = "DHPlayerView+GestureRecognizer.swift"; sourceTree = "<group>"; };
		6B4FA7082306963700098DEE /* DHPlayerView.swift */ = {isa = PBXFileReference; fileEncoding = 4; lastKnownFileType = sourcecode.swift; path = DHPlayerView.swift; sourceTree = "<group>"; };
		6B4FA7092306963700098DEE /* DHPlayerConsolerView.swift */ = {isa = PBXFileReference; fileEncoding = 4; lastKnownFileType = sourcecode.swift; path = DHPlayerConsolerView.swift; sourceTree = "<group>"; };
		6B4FA7302306975600098DEE /* DHConst.swift */ = {isa = PBXFileReference; fileEncoding = 4; lastKnownFileType = sourcecode.swift; path = DHConst.swift; sourceTree = "<group>"; };
		6B865129230A449400BA3B4C /* DHVideoViewController.swift */ = {isa = PBXFileReference; fileEncoding = 4; lastKnownFileType = sourcecode.swift; path = DHVideoViewController.swift; sourceTree = "<group>"; };
		6B86517B230AB28C00BA3B4C /* DHPlayerRateView.swift */ = {isa = PBXFileReference; lastKnownFileType = sourcecode.swift; path = DHPlayerRateView.swift; sourceTree = "<group>"; };
/* End PBXFileReference section */

/* Begin PBXFrameworksBuildPhase section */
		6B4FA6CA2306941800098DEE /* Frameworks */ = {
			isa = PBXFrameworksBuildPhase;
			buildActionMask = 2147483647;
			files = (
				D11A396239AAE5CE2212F5F6 /* Pods_ZQVideoPlayer.framework in Frameworks */,
			);
			runOnlyForDeploymentPostprocessing = 0;
		};
		6B4FA6DE230694CE00098DEE /* Frameworks */ = {
			isa = PBXFrameworksBuildPhase;
			buildActionMask = 2147483647;
			files = (
			);
			runOnlyForDeploymentPostprocessing = 0;
		};
		6B4FA6E9230694CE00098DEE /* Frameworks */ = {
			isa = PBXFrameworksBuildPhase;
			buildActionMask = 2147483647;
			files = (
			);
			runOnlyForDeploymentPostprocessing = 0;
		};
/* End PBXFrameworksBuildPhase section */

/* Begin PBXGroup section */
		061A8C9AAAEFABD9A70D4E98 /* Pods */ = {
			isa = PBXGroup;
			children = (
				556B8F56BAB2EA276344EF57 /* Pods-ZQVideoPlayer.debug.xcconfig */,
				24C897CB42295635A7E16BC2 /* Pods-ZQVideoPlayer.release.xcconfig */,
			);
			path = Pods;
			sourceTree = "<group>";
		};
		0C7AFE3E49D9A58E2003969F /* Frameworks */ = {
			isa = PBXGroup;
			children = (
				5026F111BB4B4A0D3AE5F4BC /* Pods_ZQVideoPlayer.framework */,
			);
			name = Frameworks;
			sourceTree = "<group>";
		};
		6B4FA6C42306941700098DEE = {
			isa = PBXGroup;
			children = (
				6B4FA6CF2306941900098DEE /* ZQVideoPlayer */,
				6B4FA6E4230694CE00098DEE /* ZQVideoPlayerTests */,
				6B4FA6EF230694CE00098DEE /* ZQVideoPlayerUITests */,
				6B4FA6CE2306941800098DEE /* Products */,
				061A8C9AAAEFABD9A70D4E98 /* Pods */,
				0C7AFE3E49D9A58E2003969F /* Frameworks */,
			);
			sourceTree = "<group>";
		};
		6B4FA6CE2306941800098DEE /* Products */ = {
			isa = PBXGroup;
			children = (
				6B4FA6CD2306941800098DEE /* ZQVideoPlayer.app */,
				6B4FA6E1230694CE00098DEE /* ZQVideoPlayerTests.xctest */,
				6B4FA6EC230694CE00098DEE /* ZQVideoPlayerUITests.xctest */,
			);
			name = Products;
			sourceTree = "<group>";
		};
		6B4FA6CF2306941900098DEE /* ZQVideoPlayer */ = {
			isa = PBXGroup;
			children = (
				6B4FA6FE2306955C00098DEE /* demo */,
				6B4FA6D02306941900098DEE /* AppDelegate.swift */,
				6B4FA6D22306941900098DEE /* ViewController.swift */,
				6B865129230A449400BA3B4C /* DHVideoViewController.swift */,
				6B4FA6D42306941A00098DEE /* Main.storyboard */,
				6B4FA6D7230694CB00098DEE /* Assets.xcassets */,
				6B4FA6D9230694CB00098DEE /* LaunchScreen.storyboard */,
				6B4FA6DC230694CC00098DEE /* Info.plist */,
			);
			path = ZQVideoPlayer;
			sourceTree = "<group>";
		};
		6B4FA6E4230694CE00098DEE /* ZQVideoPlayerTests */ = {
			isa = PBXGroup;
			children = (
				6B4FA6E5230694CE00098DEE /* ZQVideoPlayerTests.swift */,
				6B4FA6E7230694CE00098DEE /* Info.plist */,
			);
			path = ZQVideoPlayerTests;
			sourceTree = "<group>";
		};
		6B4FA6EF230694CE00098DEE /* ZQVideoPlayerUITests */ = {
			isa = PBXGroup;
			children = (
				6B4FA6F0230694CE00098DEE /* ZQVideoPlayerUITests.swift */,
				6B4FA6F2230694CE00098DEE /* Info.plist */,
			);
			path = ZQVideoPlayerUITests;
			sourceTree = "<group>";
		};
		6B4FA6FE2306955C00098DEE /* demo */ = {
			isa = PBXGroup;
			children = (
				6B4FA7302306975600098DEE /* DHConst.swift */,
				6B4FA7042306963600098DEE /* DHPlayerHUD.swift */,
				6B4FA7062306963700098DEE /* DHMediaTool.swift */,
				6B4FA7052306963700098DEE /* DHAmplifyButton.swift */,
				6B86517B230AB28C00BA3B4C /* DHPlayerRateView.swift */,
				6B4FA7082306963700098DEE /* DHPlayerView.swift */,
				6B4FA7092306963700098DEE /* DHPlayerConsolerView.swift */,
				6B4FA7032306963600098DEE /* DHPlayerWrapView.swift */,
				6B4FA6FF2306963500098DEE /* DHPlayerView+Obsever.swift */,
				6B4FA7012306963600098DEE /* DHPlayerView+Screen.swift */,
				6B4FA7072306963700098DEE /* DHPlayerView+GestureRecognizer.swift */,
				6B4FA7022306963600098DEE /* DHPlayerViewDelegate.swift */,
			);
			path = demo;
			sourceTree = "<group>";
		};
/* End PBXGroup section */

/* Begin PBXNativeTarget section */
		6B4FA6CC2306941800098DEE /* ZQVideoPlayer */ = {
			isa = PBXNativeTarget;
			buildConfigurationList = 6B4FA6F5230694CE00098DEE /* Build configuration list for PBXNativeTarget "ZQVideoPlayer" */;
			buildPhases = (
				E0FEF48F506E53580FD9D290 /* [CP] Check Pods Manifest.lock */,
				6B4FA6C92306941800098DEE /* Sources */,
				6B4FA6CA2306941800098DEE /* Frameworks */,
				6B4FA6CB2306941800098DEE /* Resources */,
				D0B7EE3AB6A68361237866DC /* [CP] Embed Pods Frameworks */,
			);
			buildRules = (
			);
			dependencies = (
			);
			name = ZQVideoPlayer;
			productName = ZQVideoPlayer;
			productReference = 6B4FA6CD2306941800098DEE /* ZQVideoPlayer.app */;
			productType = "com.apple.product-type.application";
		};
		6B4FA6E0230694CE00098DEE /* ZQVideoPlayerTests */ = {
			isa = PBXNativeTarget;
			buildConfigurationList = 6B4FA6F8230694CE00098DEE /* Build configuration list for PBXNativeTarget "ZQVideoPlayerTests" */;
			buildPhases = (
				6B4FA6DD230694CE00098DEE /* Sources */,
				6B4FA6DE230694CE00098DEE /* Frameworks */,
				6B4FA6DF230694CE00098DEE /* Resources */,
			);
			buildRules = (
			);
			dependencies = (
				6B4FA6E3230694CE00098DEE /* PBXTargetDependency */,
			);
			name = ZQVideoPlayerTests;
			productName = ZQVideoPlayerTests;
			productReference = 6B4FA6E1230694CE00098DEE /* ZQVideoPlayerTests.xctest */;
			productType = "com.apple.product-type.bundle.unit-test";
		};
		6B4FA6EB230694CE00098DEE /* ZQVideoPlayerUITests */ = {
			isa = PBXNativeTarget;
			buildConfigurationList = 6B4FA6FB230694CE00098DEE /* Build configuration list for PBXNativeTarget "ZQVideoPlayerUITests" */;
			buildPhases = (
				6B4FA6E8230694CE00098DEE /* Sources */,
				6B4FA6E9230694CE00098DEE /* Frameworks */,
				6B4FA6EA230694CE00098DEE /* Resources */,
			);
			buildRules = (
			);
			dependencies = (
				6B4FA6EE230694CE00098DEE /* PBXTargetDependency */,
			);
			name = ZQVideoPlayerUITests;
			productName = ZQVideoPlayerUITests;
			productReference = 6B4FA6EC230694CE00098DEE /* ZQVideoPlayerUITests.xctest */;
			productType = "com.apple.product-type.bundle.ui-testing";
		};
/* End PBXNativeTarget section */

/* Begin PBXProject section */
		6B4FA6C52306941700098DEE /* Project object */ = {
			isa = PBXProject;
			attributes = {
				LastSwiftUpdateCheck = 1020;
				LastUpgradeCheck = 1020;
				ORGANIZATIONNAME = CZQ;
				TargetAttributes = {
					6B4FA6CC2306941800098DEE = {
						CreatedOnToolsVersion = 10.2.1;
					};
					6B4FA6E0230694CE00098DEE = {
						CreatedOnToolsVersion = 10.2.1;
						TestTargetID = 6B4FA6CC2306941800098DEE;
					};
					6B4FA6EB230694CE00098DEE = {
						CreatedOnToolsVersion = 10.2.1;
						TestTargetID = 6B4FA6CC2306941800098DEE;
					};
				};
			};
			buildConfigurationList = 6B4FA6C82306941700098DEE /* Build configuration list for PBXProject "ZQVideoPlayer" */;
			compatibilityVersion = "Xcode 9.3";
			developmentRegion = en;
			hasScannedForEncodings = 0;
			knownRegions = (
				en,
				Base,
			);
			mainGroup = 6B4FA6C42306941700098DEE;
			productRefGroup = 6B4FA6CE2306941800098DEE /* Products */;
			projectDirPath = "";
			projectRoot = "";
			targets = (
				6B4FA6CC2306941800098DEE /* ZQVideoPlayer */,
				6B4FA6E0230694CE00098DEE /* ZQVideoPlayerTests */,
				6B4FA6EB230694CE00098DEE /* ZQVideoPlayerUITests */,
			);
		};
/* End PBXProject section */

/* Begin PBXResourcesBuildPhase section */
		6B4FA6CB2306941800098DEE /* Resources */ = {
			isa = PBXResourcesBuildPhase;
			buildActionMask = 2147483647;
			files = (
				6B4FA6DB230694CB00098DEE /* LaunchScreen.storyboard in Resources */,
				6B4FA6D8230694CB00098DEE /* Assets.xcassets in Resources */,
				6B4FA6D62306941A00098DEE /* Main.storyboard in Resources */,
			);
			runOnlyForDeploymentPostprocessing = 0;
		};
		6B4FA6DF230694CE00098DEE /* Resources */ = {
			isa = PBXResourcesBuildPhase;
			buildActionMask = 2147483647;
			files = (
			);
			runOnlyForDeploymentPostprocessing = 0;
		};
		6B4FA6EA230694CE00098DEE /* Resources */ = {
			isa = PBXResourcesBuildPhase;
			buildActionMask = 2147483647;
			files = (
			);
			runOnlyForDeploymentPostprocessing = 0;
		};
/* End PBXResourcesBuildPhase section */

/* Begin PBXShellScriptBuildPhase section */
		D0B7EE3AB6A68361237866DC /* [CP] Embed Pods Frameworks */ = {
			isa = PBXShellScriptBuildPhase;
			buildActionMask = 2147483647;
			files = (
			);
			inputFileListPaths = (
				"${PODS_ROOT}/Target Support Files/Pods-ZQVideoPlayer/Pods-ZQVideoPlayer-frameworks-${CONFIGURATION}-input-files.xcfilelist",
			);
			name = "[CP] Embed Pods Frameworks";
			outputFileListPaths = (
				"${PODS_ROOT}/Target Support Files/Pods-ZQVideoPlayer/Pods-ZQVideoPlayer-frameworks-${CONFIGURATION}-output-files.xcfilelist",
			);
			runOnlyForDeploymentPostprocessing = 0;
			shellPath = /bin/sh;
			shellScript = "\"${PODS_ROOT}/Target Support Files/Pods-ZQVideoPlayer/Pods-ZQVideoPlayer-frameworks.sh\"\n";
			showEnvVarsInLog = 0;
		};
		E0FEF48F506E53580FD9D290 /* [CP] Check Pods Manifest.lock */ = {
			isa = PBXShellScriptBuildPhase;
			buildActionMask = 2147483647;
			files = (
			);
			inputFileListPaths = (
			);
			inputPaths = (
				"${PODS_PODFILE_DIR_PATH}/Podfile.lock",
				"${PODS_ROOT}/Manifest.lock",
			);
			name = "[CP] Check Pods Manifest.lock";
			outputFileListPaths = (
			);
			outputPaths = (
				"$(DERIVED_FILE_DIR)/Pods-ZQVideoPlayer-checkManifestLockResult.txt",
			);
			runOnlyForDeploymentPostprocessing = 0;
			shellPath = /bin/sh;
			shellScript = "diff \"${PODS_PODFILE_DIR_PATH}/Podfile.lock\" \"${PODS_ROOT}/Manifest.lock\" > /dev/null\nif [ $? != 0 ] ; then\n    # print error to STDERR\n    echo \"error: The sandbox is not in sync with the Podfile.lock. Run 'pod install' or update your CocoaPods installation.\" >&2\n    exit 1\nfi\n# This output is used by Xcode 'outputs' to avoid re-running this script phase.\necho \"SUCCESS\" > \"${SCRIPT_OUTPUT_FILE_0}\"\n";
			showEnvVarsInLog = 0;
		};
/* End PBXShellScriptBuildPhase section */

/* Begin PBXSourcesBuildPhase section */
		6B4FA6C92306941800098DEE /* Sources */ = {
			isa = PBXSourcesBuildPhase;
			buildActionMask = 2147483647;
			files = (
				6B4FA7102306963800098DEE /* DHAmplifyButton.swift in Sources */,
				6B4FA70E2306963800098DEE /* DHPlayerWrapView.swift in Sources */,
				6B4FA7142306963800098DEE /* DHPlayerConsolerView.swift in Sources */,
				6B4FA70A2306963800098DEE /* DHPlayerView+Obsever.swift in Sources */,
				6B86512A230A449400BA3B4C /* DHVideoViewController.swift in Sources */,
				6B86517C230AB28C00BA3B4C /* DHPlayerRateView.swift in Sources */,
				6B4FA6D32306941900098DEE /* ViewController.swift in Sources */,
				6B4FA70D2306963800098DEE /* DHPlayerViewDelegate.swift in Sources */,
				6B4FA7122306963800098DEE /* DHPlayerView+GestureRecognizer.swift in Sources */,
				6B4FA7112306963800098DEE /* DHMediaTool.swift in Sources */,
				6B4FA6D12306941900098DEE /* AppDelegate.swift in Sources */,
				6B4FA7132306963800098DEE /* DHPlayerView.swift in Sources */,
				6B4FA70F2306963800098DEE /* DHPlayerHUD.swift in Sources */,
				6B4FA70C2306963800098DEE /* DHPlayerView+Screen.swift in Sources */,
				6B4FA7312306975600098DEE /* DHConst.swift in Sources */,
			);
			runOnlyForDeploymentPostprocessing = 0;
		};
		6B4FA6DD230694CE00098DEE /* Sources */ = {
			isa = PBXSourcesBuildPhase;
			buildActionMask = 2147483647;
			files = (
				6B4FA6E6230694CE00098DEE /* ZQVideoPlayerTests.swift in Sources */,
			);
			runOnlyForDeploymentPostprocessing = 0;
		};
		6B4FA6E8230694CE00098DEE /* Sources */ = {
			isa = PBXSourcesBuildPhase;
			buildActionMask = 2147483647;
			files = (
				6B4FA6F1230694CE00098DEE /* ZQVideoPlayerUITests.swift in Sources */,
			);
			runOnlyForDeploymentPostprocessing = 0;
		};
/* End PBXSourcesBuildPhase section */

/* Begin PBXTargetDependency section */
		6B4FA6E3230694CE00098DEE /* PBXTargetDependency */ = {
			isa = PBXTargetDependency;
			target = 6B4FA6CC2306941800098DEE /* ZQVideoPlayer */;
			targetProxy = 6B4FA6E2230694CE00098DEE /* PBXContainerItemProxy */;
		};
		6B4FA6EE230694CE00098DEE /* PBXTargetDependency */ = {
			isa = PBXTargetDependency;
			target = 6B4FA6CC2306941800098DEE /* ZQVideoPlayer */;
			targetProxy = 6B4FA6ED230694CE00098DEE /* PBXContainerItemProxy */;
		};
/* End PBXTargetDependency section */

/* Begin PBXVariantGroup section */
		6B4FA6D42306941A00098DEE /* Main.storyboard */ = {
			isa = PBXVariantGroup;
			children = (
				6B4FA6D52306941A00098DEE /* Base */,
			);
			name = Main.storyboard;
			sourceTree = "<group>";
		};
		6B4FA6D9230694CB00098DEE /* LaunchScreen.storyboard */ = {
			isa = PBXVariantGroup;
			children = (
				6B4FA6DA230694CB00098DEE /* Base */,
			);
			name = LaunchScreen.storyboard;
			sourceTree = "<group>";
		};
/* End PBXVariantGroup section */

/* Begin XCBuildConfiguration section */
		6B4FA6F3230694CE00098DEE /* Debug */ = {
			isa = XCBuildConfiguration;
			buildSettings = {
				ALWAYS_SEARCH_USER_PATHS = NO;
				CLANG_ANALYZER_NONNULL = YES;
				CLANG_ANALYZER_NUMBER_OBJECT_CONVERSION = YES_AGGRESSIVE;
				CLANG_CXX_LANGUAGE_STANDARD = "gnu++14";
				CLANG_CXX_LIBRARY = "libc++";
				CLANG_ENABLE_MODULES = YES;
				CLANG_ENABLE_OBJC_ARC = YES;
				CLANG_ENABLE_OBJC_WEAK = YES;
				CLANG_WARN_BLOCK_CAPTURE_AUTORELEASING = YES;
				CLANG_WARN_BOOL_CONVERSION = YES;
				CLANG_WARN_COMMA = YES;
				CLANG_WARN_CONSTANT_CONVERSION = YES;
				CLANG_WARN_DEPRECATED_OBJC_IMPLEMENTATIONS = YES;
				CLANG_WARN_DIRECT_OBJC_ISA_USAGE = YES_ERROR;
				CLANG_WARN_DOCUMENTATION_COMMENTS = YES;
				CLANG_WARN_EMPTY_BODY = YES;
				CLANG_WARN_ENUM_CONVERSION = YES;
				CLANG_WARN_INFINITE_RECURSION = YES;
				CLANG_WARN_INT_CONVERSION = YES;
				CLANG_WARN_NON_LITERAL_NULL_CONVERSION = YES;
				CLANG_WARN_OBJC_IMPLICIT_RETAIN_SELF = YES;
				CLANG_WARN_OBJC_LITERAL_CONVERSION = YES;
				CLANG_WARN_OBJC_ROOT_CLASS = YES_ERROR;
				CLANG_WARN_RANGE_LOOP_ANALYSIS = YES;
				CLANG_WARN_STRICT_PROTOTYPES = YES;
				CLANG_WARN_SUSPICIOUS_MOVE = YES;
				CLANG_WARN_UNGUARDED_AVAILABILITY = YES_AGGRESSIVE;
				CLANG_WARN_UNREACHABLE_CODE = YES;
				CLANG_WARN__DUPLICATE_METHOD_MATCH = YES;
				CODE_SIGN_IDENTITY = "iPhone Developer";
				COPY_PHASE_STRIP = NO;
				DEBUG_INFORMATION_FORMAT = dwarf;
				ENABLE_STRICT_OBJC_MSGSEND = YES;
				ENABLE_TESTABILITY = YES;
				GCC_C_LANGUAGE_STANDARD = gnu11;
				GCC_DYNAMIC_NO_PIC = NO;
				GCC_NO_COMMON_BLOCKS = YES;
				GCC_OPTIMIZATION_LEVEL = 0;
				GCC_PREPROCESSOR_DEFINITIONS = (
					"DEBUG=1",
					"$(inherited)",
				);
				GCC_WARN_64_TO_32_BIT_CONVERSION = YES;
				GCC_WARN_ABOUT_RETURN_TYPE = YES_ERROR;
				GCC_WARN_UNDECLARED_SELECTOR = YES;
				GCC_WARN_UNINITIALIZED_AUTOS = YES_AGGRESSIVE;
				GCC_WARN_UNUSED_FUNCTION = YES;
				GCC_WARN_UNUSED_VARIABLE = YES;
				IPHONEOS_DEPLOYMENT_TARGET = 12.2;
				MTL_ENABLE_DEBUG_INFO = INCLUDE_SOURCE;
				MTL_FAST_MATH = YES;
				ONLY_ACTIVE_ARCH = YES;
				SDKROOT = iphoneos;
				SWIFT_ACTIVE_COMPILATION_CONDITIONS = DEBUG;
				SWIFT_OPTIMIZATION_LEVEL = "-Onone";
			};
			name = Debug;
		};
		6B4FA6F4230694CE00098DEE /* Release */ = {
			isa = XCBuildConfiguration;
			buildSettings = {
				ALWAYS_SEARCH_USER_PATHS = NO;
				CLANG_ANALYZER_NONNULL = YES;
				CLANG_ANALYZER_NUMBER_OBJECT_CONVERSION = YES_AGGRESSIVE;
				CLANG_CXX_LANGUAGE_STANDARD = "gnu++14";
				CLANG_CXX_LIBRARY = "libc++";
				CLANG_ENABLE_MODULES = YES;
				CLANG_ENABLE_OBJC_ARC = YES;
				CLANG_ENABLE_OBJC_WEAK = YES;
				CLANG_WARN_BLOCK_CAPTURE_AUTORELEASING = YES;
				CLANG_WARN_BOOL_CONVERSION = YES;
				CLANG_WARN_COMMA = YES;
				CLANG_WARN_CONSTANT_CONVERSION = YES;
				CLANG_WARN_DEPRECATED_OBJC_IMPLEMENTATIONS = YES;
				CLANG_WARN_DIRECT_OBJC_ISA_USAGE = YES_ERROR;
				CLANG_WARN_DOCUMENTATION_COMMENTS = YES;
				CLANG_WARN_EMPTY_BODY = YES;
				CLANG_WARN_ENUM_CONVERSION = YES;
				CLANG_WARN_INFINITE_RECURSION = YES;
				CLANG_WARN_INT_CONVERSION = YES;
				CLANG_WARN_NON_LITERAL_NULL_CONVERSION = YES;
				CLANG_WARN_OBJC_IMPLICIT_RETAIN_SELF = YES;
				CLANG_WARN_OBJC_LITERAL_CONVERSION = YES;
				CLANG_WARN_OBJC_ROOT_CLASS = YES_ERROR;
				CLANG_WARN_RANGE_LOOP_ANALYSIS = YES;
				CLANG_WARN_STRICT_PROTOTYPES = YES;
				CLANG_WARN_SUSPICIOUS_MOVE = YES;
				CLANG_WARN_UNGUARDED_AVAILABILITY = YES_AGGRESSIVE;
				CLANG_WARN_UNREACHABLE_CODE = YES;
				CLANG_WARN__DUPLICATE_METHOD_MATCH = YES;
				CODE_SIGN_IDENTITY = "iPhone Developer";
				COPY_PHASE_STRIP = NO;
				DEBUG_INFORMATION_FORMAT = "dwarf-with-dsym";
				ENABLE_NS_ASSERTIONS = NO;
				ENABLE_STRICT_OBJC_MSGSEND = YES;
				GCC_C_LANGUAGE_STANDARD = gnu11;
				GCC_NO_COMMON_BLOCKS = YES;
				GCC_WARN_64_TO_32_BIT_CONVERSION = YES;
				GCC_WARN_ABOUT_RETURN_TYPE = YES_ERROR;
				GCC_WARN_UNDECLARED_SELECTOR = YES;
				GCC_WARN_UNINITIALIZED_AUTOS = YES_AGGRESSIVE;
				GCC_WARN_UNUSED_FUNCTION = YES;
				GCC_WARN_UNUSED_VARIABLE = YES;
				IPHONEOS_DEPLOYMENT_TARGET = 12.2;
				MTL_ENABLE_DEBUG_INFO = NO;
				MTL_FAST_MATH = YES;
				SDKROOT = iphoneos;
				SWIFT_COMPILATION_MODE = wholemodule;
				SWIFT_OPTIMIZATION_LEVEL = "-O";
				VALIDATE_PRODUCT = YES;
			};
			name = Release;
		};
		6B4FA6F6230694CE00098DEE /* Debug */ = {
			isa = XCBuildConfiguration;
			baseConfigurationReference = 556B8F56BAB2EA276344EF57 /* Pods-ZQVideoPlayer.debug.xcconfig */;
			buildSettings = {
				ASSETCATALOG_COMPILER_APPICON_NAME = AppIcon;
				CODE_SIGN_IDENTITY = "iPhone Developer";
				CODE_SIGN_STYLE = Automatic;
				DEVELOPMENT_TEAM = YV9823YP5R;
				INFOPLIST_FILE = ZQVideoPlayer/Info.plist;
				IPHONEOS_DEPLOYMENT_TARGET = 9.0;
				LD_RUNPATH_SEARCH_PATHS = (
					"$(inherited)",
					"@executable_path/Frameworks",
				);
				PRODUCT_BUNDLE_IDENTIFIER = CZQ.ZQVideoPlayer;
				PRODUCT_NAME = "$(TARGET_NAME)";
				PROVISIONING_PROFILE_SPECIFIER = "";
				SWIFT_VERSION = 4.2;
				TARGETED_DEVICE_FAMILY = 1;
			};
			name = Debug;
		};
		6B4FA6F7230694CE00098DEE /* Release */ = {
			isa = XCBuildConfiguration;
			baseConfigurationReference = 24C897CB42295635A7E16BC2 /* Pods-ZQVideoPlayer.release.xcconfig */;
			buildSettings = {
				ASSETCATALOG_COMPILER_APPICON_NAME = AppIcon;
				CODE_SIGN_IDENTITY = "iPhone Developer";
				CODE_SIGN_STYLE = Automatic;
				DEVELOPMENT_TEAM = YV9823YP5R;
				INFOPLIST_FILE = ZQVideoPlayer/Info.plist;
				IPHONEOS_DEPLOYMENT_TARGET = 9.0;
				LD_RUNPATH_SEARCH_PATHS = (
					"$(inherited)",
					"@executable_path/Frameworks",
				);
				PRODUCT_BUNDLE_IDENTIFIER = CZQ.ZQVideoPlayer;
				PRODUCT_NAME = "$(TARGET_NAME)";
				PROVISIONING_PROFILE_SPECIFIER = "";
				SWIFT_VERSION = 4.2;
				TARGETED_DEVICE_FAMILY = 1;
			};
			name = Release;
		};
		6B4FA6F9230694CE00098DEE /* Debug */ = {
			isa = XCBuildConfiguration;
			buildSettings = {
				ALWAYS_EMBED_SWIFT_STANDARD_LIBRARIES = YES;
				BUNDLE_LOADER = "$(TEST_HOST)";
				CODE_SIGN_STYLE = Automatic;
				INFOPLIST_FILE = ZQVideoPlayerTests/Info.plist;
				LD_RUNPATH_SEARCH_PATHS = (
					"$(inherited)",
					"@executable_path/Frameworks",
					"@loader_path/Frameworks",
				);
				PRODUCT_BUNDLE_IDENTIFIER = CZQ.ZQVideoPlayerTests;
				PRODUCT_NAME = "$(TARGET_NAME)";
				SWIFT_VERSION = 5.0;
				TARGETED_DEVICE_FAMILY = "1,2";
				TEST_HOST = "$(BUILT_PRODUCTS_DIR)/ZQVideoPlayer.app/ZQVideoPlayer";
			};
			name = Debug;
		};
		6B4FA6FA230694CE00098DEE /* Release */ = {
			isa = XCBuildConfiguration;
			buildSettings = {
				ALWAYS_EMBED_SWIFT_STANDARD_LIBRARIES = YES;
				BUNDLE_LOADER = "$(TEST_HOST)";
				CODE_SIGN_STYLE = Automatic;
				INFOPLIST_FILE = ZQVideoPlayerTests/Info.plist;
				LD_RUNPATH_SEARCH_PATHS = (
					"$(inherited)",
					"@executable_path/Frameworks",
					"@loader_path/Frameworks",
				);
				PRODUCT_BUNDLE_IDENTIFIER = CZQ.ZQVideoPlayerTests;
				PRODUCT_NAME = "$(TARGET_NAME)";
				SWIFT_VERSION = 5.0;
				TARGETED_DEVICE_FAMILY = "1,2";
				TEST_HOST = "$(BUILT_PRODUCTS_DIR)/ZQVideoPlayer.app/ZQVideoPlayer";
			};
			name = Release;
		};
		6B4FA6FC230694CE00098DEE /* Debug */ = {
			isa = XCBuildConfiguration;
			buildSettings = {
				ALWAYS_EMBED_SWIFT_STANDARD_LIBRARIES = YES;
				CODE_SIGN_STYLE = Automatic;
				INFOPLIST_FILE = ZQVideoPlayerUITests/Info.plist;
				LD_RUNPATH_SEARCH_PATHS = (
					"$(inherited)",
					"@executable_path/Frameworks",
					"@loader_path/Frameworks",
				);
				PRODUCT_BUNDLE_IDENTIFIER = CZQ.ZQVideoPlayerUITests;
				PRODUCT_NAME = "$(TARGET_NAME)";
				SWIFT_VERSION = 5.0;
				TARGETED_DEVICE_FAMILY = "1,2";
				TEST_TARGET_NAME = ZQVideoPlayer;
			};
			name = Debug;
		};
		6B4FA6FD230694CE00098DEE /* Release */ = {
			isa = XCBuildConfiguration;
			buildSettings = {
				ALWAYS_EMBED_SWIFT_STANDARD_LIBRARIES = YES;
				CODE_SIGN_STYLE = Automatic;
				INFOPLIST_FILE = ZQVideoPlayerUITests/Info.plist;
				LD_RUNPATH_SEARCH_PATHS = (
					"$(inherited)",
					"@executable_path/Frameworks",
					"@loader_path/Frameworks",
				);
				PRODUCT_BUNDLE_IDENTIFIER = CZQ.ZQVideoPlayerUITests;
				PRODUCT_NAME = "$(TARGET_NAME)";
				SWIFT_VERSION = 5.0;
				TARGETED_DEVICE_FAMILY = "1,2";
				TEST_TARGET_NAME = ZQVideoPlayer;
			};
			name = Release;
		};
/* End XCBuildConfiguration section */

/* Begin XCConfigurationList section */
		6B4FA6C82306941700098DEE /* Build configuration list for PBXProject "ZQVideoPlayer" */ = {
			isa = XCConfigurationList;
			buildConfigurations = (
				6B4FA6F3230694CE00098DEE /* Debug */,
				6B4FA6F4230694CE00098DEE /* Release */,
			);
			defaultConfigurationIsVisible = 0;
			defaultConfigurationName = Release;
		};
		6B4FA6F5230694CE00098DEE /* Build configuration list for PBXNativeTarget "ZQVideoPlayer" */ = {
			isa = XCConfigurationList;
			buildConfigurations = (
				6B4FA6F6230694CE00098DEE /* Debug */,
				6B4FA6F7230694CE00098DEE /* Release */,
			);
			defaultConfigurationIsVisible = 0;
			defaultConfigurationName = Release;
		};
		6B4FA6F8230694CE00098DEE /* Build configuration list for PBXNativeTarget "ZQVideoPlayerTests" */ = {
			isa = XCConfigurationList;
			buildConfigurations = (
				6B4FA6F9230694CE00098DEE /* Debug */,
				6B4FA6FA230694CE00098DEE /* Release */,
			);
			defaultConfigurationIsVisible = 0;
			defaultConfigurationName = Release;
		};
		6B4FA6FB230694CE00098DEE /* Build configuration list for PBXNativeTarget "ZQVideoPlayerUITests" */ = {
			isa = XCConfigurationList;
			buildConfigurations = (
				6B4FA6FC230694CE00098DEE /* Debug */,
				6B4FA6FD230694CE00098DEE /* Release */,
			);
			defaultConfigurationIsVisible = 0;
			defaultConfigurationName = Release;
		};
/* End XCConfigurationList section */
	};
	rootObject = 6B4FA6C52306941700098DEE /* Project object */;
}
